<?xml version="1.0" encoding="utf-8"?>
<Project ToolsVersion="4.0" xmlns="http://schemas.microsoft.com/developer/msbuild/2003">
  <ItemGroup>
    <ClCompile Include="main.cpp" />
    <ClCompile Include="App.cpp">
      <Filter>App</Filter>
    </ClCompile>
    <ClCompile Include="AppIntro.cpp">
      <Filter>App</Filter>
    </ClCompile>
    <ClCompile Include="Vector2.cpp">
      <Filter>Math</Filter>
    </ClCompile>
    <ClCompile Include="InputManager.cpp">
      <Filter>InputManagement</Filter>
    </ClCompile>
  </ItemGroup>
  <ItemGroup>
    <ClInclude Include="App.h">
      <Filter>App</Filter>
    </ClInclude>
    <ClInclude Include="AppState.h">
      <Filter>App</Filter>
    </ClInclude>
    <ClInclude Include="AppIntro.h">
      <Filter>App</Filter>
    </ClInclude>
    <ClInclude Include="Vector2.h">
      <Filter>Math</Filter>
    </ClInclude>
    <ClInclude Include="InputManager.h">
      <Filter>InputManagement</Filter>
    </ClInclude>
  </ItemGroup>
  <ItemGroup>
    <Filter Include="App">
      <UniqueIdentifier>{fea8d00c-d81f-461d-887f-2230f6e810b8}</UniqueIdentifier>
    </Filter>
    <Filter Include="MainMenu">
      <UniqueIdentifier>{df3c1d84-f2a2-4bec-9516-440ec9973cd9}</UniqueIdentifier>
    </Filter>
    <Filter Include="Math">
      <UniqueIdentifier>{ef16ca44-2b68-456a-9daa-9a499b97ec7b}</UniqueIdentifier>
    </Filter>
    <Filter Include="InputManagement">
      <UniqueIdentifier>{c605462e-1557-4102-ae6e-6962ce434b5f}</UniqueIdentifier>
    </Filter>
  </ItemGroup>
</Project>