<?xml version="1.0" encoding="utf-8"?>
<Project ToolsVersion="4.0" xmlns="http://schemas.microsoft.com/developer/msbuild/2003">
  <ItemGroup>
    <ClCompile Include="main.cpp" />
    <ClCompile Include="App.cpp">
      <Filter>App</Filter>
    </ClCompile>
    <ClCompile Include="AppIntro.cpp">
      <Filter>App</Filter>
    </ClCompile>
    <ClCompile Include="InputManager.cpp">
      <Filter>InputManagement</Filter>
    </ClCompile>
    <ClCompile Include="AABB.cpp">
      <Filter>Collision</Filter>
    </ClCompile>
    <ClCompile Include="Circle.cpp">
      <Filter>Collision</Filter>
    </ClCompile>
    <ClCompile Include="v2.cpp">
      <Filter>Math</Filter>
    </ClCompile>
    <ClCompile Include="Game.cpp">
      <Filter>Game</Filter>
    </ClCompile>
    <ClCompile Include="MainMenu.cpp">
      <Filter>MainMenu</Filter>
    </ClCompile>
    <ClCompile Include="MapMaker.cpp">
      <Filter>Game</Filter>
    </ClCompile>
    <ClCompile Include="Player.cpp">
      <Filter>Game</Filter>
    </ClCompile>
    <ClCompile Include="Map.cpp">
      <Filter>Game</Filter>
    </ClCompile>
  </ItemGroup>
  <ItemGroup>
    <ClInclude Include="App.h">
      <Filter>App</Filter>
    </ClInclude>
    <ClInclude Include="AppState.h">
      <Filter>App</Filter>
    </ClInclude>
    <ClInclude Include="AppIntro.h">
      <Filter>App</Filter>
    </ClInclude>
    <ClInclude Include="InputManager.h">
      <Filter>InputManagement</Filter>
    </ClInclude>
    <ClInclude Include="Button.h">
      <Filter>UI</Filter>
    </ClInclude>
    <ClInclude Include="Collider.h">
      <Filter>Collision</Filter>
    </ClInclude>
    <ClInclude Include="AABB.h">
      <Filter>Collision</Filter>
    </ClInclude>
    <ClInclude Include="Circle.h">
      <Filter>Collision</Filter>
    </ClInclude>
    <ClInclude Include="CollisionInfo.h">
      <Filter>Collision</Filter>
    </ClInclude>
    <ClInclude Include="v2.h">
      <Filter>Math</Filter>
    </ClInclude>
    <ClInclude Include="Game.h">
      <Filter>Game</Filter>
    </ClInclude>
    <ClInclude Include="MainMenu.h">
      <Filter>MainMenu</Filter>
    </ClInclude>
    <ClInclude Include="Player.h">
      <Filter>Game</Filter>
    </ClInclude>
    <ClInclude Include="SceneObject.h">
      <Filter>Game</Filter>
    </ClInclude>
    <ClInclude Include="intV2.h">
      <Filter>Math</Filter>
    </ClInclude>
    <ClInclude Include="CorridorNode.h">
      <Filter>Game</Filter>
    </ClInclude>
    <ClInclude Include="Map.h">
      <Filter>Game</Filter>
    </ClInclude>
  </ItemGroup>
  <ItemGroup>
    <Filter Include="App">
      <UniqueIdentifier>{fea8d00c-d81f-461d-887f-2230f6e810b8}</UniqueIdentifier>
    </Filter>
    <Filter Include="MainMenu">
      <UniqueIdentifier>{df3c1d84-f2a2-4bec-9516-440ec9973cd9}</UniqueIdentifier>
    </Filter>
    <Filter Include="Math">
      <UniqueIdentifier>{ef16ca44-2b68-456a-9daa-9a499b97ec7b}</UniqueIdentifier>
    </Filter>
    <Filter Include="InputManagement">
      <UniqueIdentifier>{c605462e-1557-4102-ae6e-6962ce434b5f}</UniqueIdentifier>
    </Filter>
    <Filter Include="UI">
      <UniqueIdentifier>{83e68094-bf7d-42af-838b-2bc8c8e971ae}</UniqueIdentifier>
    </Filter>
    <Filter Include="Collision">
      <UniqueIdentifier>{c0bb1a8c-6d41-49ee-b6f4-17425bab5109}</UniqueIdentifier>
    </Filter>
    <Filter Include="Game">
      <UniqueIdentifier>{dcd9dc11-29cd-47c3-8528-310fa944ecfc}</UniqueIdentifier>
    </Filter>
  </ItemGroup>
</Project>